
Microsoft Visual Studio Solution File, Format Version 12.00
# Visual Studio Version 16
VisualStudioVersion = 25.0.1706.0
MinimumVisualStudioVersion = 10.0.40219.1
Project("{FAE04EC0-301F-11D3-BF4B-00C04F79EFBC}") = "UniApp", "UniApp\UniApp.csproj", "{FC78AEDF-371B-453E-A777-CB0B9ED8A20B}"
EndProject
Global
	GlobalSection(SolutionConfigurationPlatforms) = preSolution
		Debug|Any CPU = Debug|Any CPU
		Release|Any CPU = Release|Any CPU
	EndGlobalSection
	GlobalSection(ProjectConfigurationPlatforms) = postSolution
		{FC78AEDF-371B-453E-A777-CB0B9ED8A20B}.Debug|Any CPU.ActiveCfg = Debug|Any CPU
		{FC78AEDF-371B-453E-A777-CB0B9ED8A20B}.Debug|Any CPU.Build.0 = Debug|Any CPU
		{FC78AEDF-371B-453E-A777-CB0B9ED8A20B}.Release|Any CPU.ActiveCfg = Release|Any CPU
		{FC78AEDF-371B-453E-A777-CB0B9ED8A20B}.Release|Any CPU.Build.0 = Release|Any CPU
	EndGlobalSection
	GlobalSection(SolutionProperties) = preSolution
		HideSolutionNode = FALSE
	EndGlobalSection
	GlobalSection(ExtensibilityGlobals) = postSolution
		SolutionGuid = {D171C016-6732-4AD9-936B-DBCF88091E77}
	EndGlobalSection
EndGlobal
